
Microsoft Visual Studio Solution File, Format Version 11.00
# Visual Studio 2010
Project("{FAE04EC0-301F-11D3-BF4B-00C04F79EFBC}") = "PhanTichYeuCauPhanMem", "phantichyeucauphanmem\PhanTichYeuCauPhanMem.csproj", "{754D915C-AA0C-41DF-A13E-BE85185E6602}"
EndProject
Global
	GlobalSection(SolutionConfigurationPlatforms) = preSolution
		Debug|x64 = Debug|x64
		Debug|x86 = Debug|x86
		Release|x64 = Release|x64
		Release|x86 = Release|x86
	EndGlobalSection
	GlobalSection(ProjectConfigurationPlatforms) = postSolution
		{754D915C-AA0C-41DF-A13E-BE85185E6602}.Debug|x64.ActiveCfg = Debug|x64
		{754D915C-AA0C-41DF-A13E-BE85185E6602}.Debug|x64.Build.0 = Debug|x64
		{754D915C-AA0C-41DF-A13E-BE85185E6602}.Debug|x86.ActiveCfg = Debug|x64
		{754D915C-AA0C-41DF-A13E-BE85185E6602}.Debug|x86.Build.0 = Debug|x64
		{754D915C-AA0C-41DF-A13E-BE85185E6602}.Release|x64.ActiveCfg = Release|x64
		{754D915C-AA0C-41DF-A13E-BE85185E6602}.Release|x64.Build.0 = Release|x64
		{754D915C-AA0C-41DF-A13E-BE85185E6602}.Release|x86.ActiveCfg = Release|x86
		{754D915C-AA0C-41DF-A13E-BE85185E6602}.Release|x86.Build.0 = Release|x86
	EndGlobalSection
	GlobalSection(SolutionProperties) = preSolution
		HideSolutionNode = FALSE
	EndGlobalSection
EndGlobal
